// !$*UTF8*$!
{
	archiveVersion = 1;
	classes = {
	};
	objectVersion = 55;
	objects = {

/* Begin PBXBuildFile section */
		5B092B2F2740D17100F5C35F /* MainModel.swift in Sources */ = {isa = PBXBuildFile; fileRef = 5B092B2E2740D17100F5C35F /* MainModel.swift */; };
		5B092B312740D17800F5C35F /* DetailModel.swift in Sources */ = {isa = PBXBuildFile; fileRef = 5B092B302740D17800F5C35F /* DetailModel.swift */; };
		5B092B332740D1C000F5C35F /* GeneralAPI.swift in Sources */ = {isa = PBXBuildFile; fileRef = 5B092B322740D1C000F5C35F /* GeneralAPI.swift */; };
		5B092B362740D21500F5C35F /* YujinMainVC.swift in Sources */ = {isa = PBXBuildFile; fileRef = 5B092B352740D21500F5C35F /* YujinMainVC.swift */; };
		5B092B382740D25500F5C35F /* NamjoonMainVC.swift in Sources */ = {isa = PBXBuildFile; fileRef = 5B092B372740D25500F5C35F /* NamjoonMainVC.swift */; };
		5B092B3A2740D25F00F5C35F /* DetailVC.swift in Sources */ = {isa = PBXBuildFile; fileRef = 5B092B392740D25F00F5C35F /* DetailVC.swift */; };
		5B092B3D2740D38D00F5C35F /* BaseViewController.swift in Sources */ = {isa = PBXBuildFile; fileRef = 5B092B3C2740D38D00F5C35F /* BaseViewController.swift */; };
		5B092B432740E3E900F5C35F /* UIView+.swift in Sources */ = {isa = PBXBuildFile; fileRef = 5B092B422740E3E900F5C35F /* UIView+.swift */; };
		5B092B452740E47800F5C35F /* UIViewController+.swift in Sources */ = {isa = PBXBuildFile; fileRef = 5B092B442740E47800F5C35F /* UIViewController+.swift */; };
		5B092B472740E4BC00F5C35F /* UIStackView+.swift in Sources */ = {isa = PBXBuildFile; fileRef = 5B092B462740E4BC00F5C35F /* UIStackView+.swift */; };
		5B092B492740E53400F5C35F /* UICollectionViewRegisterable.swift in Sources */ = {isa = PBXBuildFile; fileRef = 5B092B482740E53400F5C35F /* UICollectionViewRegisterable.swift */; };
		5B092B4B2740E54C00F5C35F /* UITableViewRegisterable.swift in Sources */ = {isa = PBXBuildFile; fileRef = 5B092B4A2740E54C00F5C35F /* UITableViewRegisterable.swift */; };
		5B092B522740EE9C00F5C35F /* MyPageVC.swift in Sources */ = {isa = PBXBuildFile; fileRef = 5B092B512740EE9C00F5C35F /* MyPageVC.swift */; };
		5B092B542740EF0800F5C35F /* NamjoonMain.storyboard in Resources */ = {isa = PBXBuildFile; fileRef = 5B092B532740EF0800F5C35F /* NamjoonMain.storyboard */; };
		5B092B562740EF1600F5C35F /* YujinMain.storyboard in Resources */ = {isa = PBXBuildFile; fileRef = 5B092B552740EF1600F5C35F /* YujinMain.storyboard */; };
		5B092B582740F03F00F5C35F /* Constant.swift in Sources */ = {isa = PBXBuildFile; fileRef = 5B092B572740F03F00F5C35F /* Constant.swift */; };
		5B429A0E2746BF1800D4F65D /* BannerTVC.swift in Sources */ = {isa = PBXBuildFile; fileRef = 5B429A0D2746BF1800D4F65D /* BannerTVC.swift */; };
		5B429A102746C6B300D4F65D /* TopDetailTVC.swift in Sources */ = {isa = PBXBuildFile; fileRef = 5B429A0F2746C6B300D4F65D /* TopDetailTVC.swift */; };
		5B429A122746CB9800D4F65D /* BottomView.swift in Sources */ = {isa = PBXBuildFile; fileRef = 5B429A112746CB9800D4F65D /* BottomView.swift */; };
		5B429A142746CF9600D4F65D /* YujinModel.swift in Sources */ = {isa = PBXBuildFile; fileRef = 5B429A132746CF9600D4F65D /* YujinModel.swift */; };
		5B429A162746CFA000D4F65D /* YujinComponent.swift in Sources */ = {isa = PBXBuildFile; fileRef = 5B429A152746CFA000D4F65D /* YujinComponent.swift */; };
		5B429A1A2746CFBC00D4F65D /* NamjoonModel.swift in Sources */ = {isa = PBXBuildFile; fileRef = 5B429A192746CFBC00D4F65D /* NamjoonModel.swift */; };
		5B429A1C2746CFC500D4F65D /* NamjoonComponent.swift in Sources */ = {isa = PBXBuildFile; fileRef = 5B429A1B2746CFC500D4F65D /* NamjoonComponent.swift */; };
		5B429A1E2746CFD100D4F65D /* NamjoonTVC.swift in Sources */ = {isa = PBXBuildFile; fileRef = 5B429A1D2746CFD100D4F65D /* NamjoonTVC.swift */; };
		5B429A202746E8AC00D4F65D /* NotoSansCJKkr-Bold.otf in Resources */ = {isa = PBXBuildFile; fileRef = 5B429A1F2746E8AC00D4F65D /* NotoSansCJKkr-Bold.otf */; };
		5B429A222747743500D4F65D /* BannerCVC.swift in Sources */ = {isa = PBXBuildFile; fileRef = 5B429A212747743500D4F65D /* BannerCVC.swift */; };
		5B429A2427477BBD00D4F65D /* BottomDetailTVC.swift in Sources */ = {isa = PBXBuildFile; fileRef = 5B429A2327477BBD00D4F65D /* BottomDetailTVC.swift */; };
		5B429A2627477C7900D4F65D /* SubtitlLabel.swift in Sources */ = {isa = PBXBuildFile; fileRef = 5B429A2527477C7900D4F65D /* SubtitlLabel.swift */; };
		5B723143273F92B300BB4FDE /* AppDelegate.swift in Sources */ = {isa = PBXBuildFile; fileRef = 5B723142273F92B300BB4FDE /* AppDelegate.swift */; };
		5B723145273F92B300BB4FDE /* SceneDelegate.swift in Sources */ = {isa = PBXBuildFile; fileRef = 5B723144273F92B300BB4FDE /* SceneDelegate.swift */; };
		5B72314A273F92B300BB4FDE /* Main.storyboard in Resources */ = {isa = PBXBuildFile; fileRef = 5B723148273F92B300BB4FDE /* Main.storyboard */; };
		5B72314C273F92B500BB4FDE /* Assets.xcassets in Resources */ = {isa = PBXBuildFile; fileRef = 5B72314B273F92B500BB4FDE /* Assets.xcassets */; };
		5B72314F273F92B500BB4FDE /* LaunchScreen.storyboard in Resources */ = {isa = PBXBuildFile; fileRef = 5B72314D273F92B500BB4FDE /* LaunchScreen.storyboard */; };
		5B829DF82743B07900766144 /* UIFont+.swift in Sources */ = {isa = PBXBuildFile; fileRef = 5B829DF72743B07900766144 /* UIFont+.swift */; };
		5B829DFA2743C25300766144 /* UILabel+.swift in Sources */ = {isa = PBXBuildFile; fileRef = 5B829DF92743C25300766144 /* UILabel+.swift */; };
		6AFDB1AD2742F69100FACA2D /* UIColor+.swift in Sources */ = {isa = PBXBuildFile; fileRef = 6AFDB1AC2742F69100FACA2D /* UIColor+.swift */; };
		6AFDB1B62742F98F00FACA2D /* NotoSansCJKkr-Medium.otf in Resources */ = {isa = PBXBuildFile; fileRef = 6AFDB1AF2742F98F00FACA2D /* NotoSansCJKkr-Medium.otf */; };
		6AFDB1BA2742F98F00FACA2D /* NotoSansCJKkr-Regular.otf in Resources */ = {isa = PBXBuildFile; fileRef = 6AFDB1B32742F98F00FACA2D /* NotoSansCJKkr-Regular.otf */; };
		DE13750256F6DEED3F067415 /* Pods_Tabling_iOS.framework in Frameworks */ = {isa = PBXBuildFile; fileRef = CB9863C199D1711854D7EB38 /* Pods_Tabling_iOS.framework */; };
/* End PBXBuildFile section */

/* Begin PBXFileReference section */
		2B4ED41B5870CF2F11E0FC61 /* Pods-Tabling-iOS.debug.xcconfig */ = {isa = PBXFileReference; includeInIndex = 1; lastKnownFileType = text.xcconfig; name = "Pods-Tabling-iOS.debug.xcconfig"; path = "Target Support Files/Pods-Tabling-iOS/Pods-Tabling-iOS.debug.xcconfig"; sourceTree = "<group>"; };
		5B092B2E2740D17100F5C35F /* MainModel.swift */ = {isa = PBXFileReference; lastKnownFileType = sourcecode.swift; path = MainModel.swift; sourceTree = "<group>"; };
		5B092B302740D17800F5C35F /* DetailModel.swift */ = {isa = PBXFileReference; lastKnownFileType = sourcecode.swift; path = DetailModel.swift; sourceTree = "<group>"; };
		5B092B322740D1C000F5C35F /* GeneralAPI.swift */ = {isa = PBXFileReference; lastKnownFileType = sourcecode.swift; path = GeneralAPI.swift; sourceTree = "<group>"; };
		5B092B352740D21500F5C35F /* YujinMainVC.swift */ = {isa = PBXFileReference; lastKnownFileType = sourcecode.swift; path = YujinMainVC.swift; sourceTree = "<group>"; };
		5B092B372740D25500F5C35F /* NamjoonMainVC.swift */ = {isa = PBXFileReference; lastKnownFileType = sourcecode.swift; path = NamjoonMainVC.swift; sourceTree = "<group>"; };
		5B092B392740D25F00F5C35F /* DetailVC.swift */ = {isa = PBXFileReference; lastKnownFileType = sourcecode.swift; path = DetailVC.swift; sourceTree = "<group>"; };
		5B092B3C2740D38D00F5C35F /* BaseViewController.swift */ = {isa = PBXFileReference; lastKnownFileType = sourcecode.swift; path = BaseViewController.swift; sourceTree = "<group>"; };
		5B092B422740E3E900F5C35F /* UIView+.swift */ = {isa = PBXFileReference; lastKnownFileType = sourcecode.swift; path = "UIView+.swift"; sourceTree = "<group>"; };
		5B092B442740E47800F5C35F /* UIViewController+.swift */ = {isa = PBXFileReference; lastKnownFileType = sourcecode.swift; path = "UIViewController+.swift"; sourceTree = "<group>"; };
		5B092B462740E4BC00F5C35F /* UIStackView+.swift */ = {isa = PBXFileReference; lastKnownFileType = sourcecode.swift; path = "UIStackView+.swift"; sourceTree = "<group>"; };
		5B092B482740E53400F5C35F /* UICollectionViewRegisterable.swift */ = {isa = PBXFileReference; lastKnownFileType = sourcecode.swift; path = UICollectionViewRegisterable.swift; sourceTree = "<group>"; };
		5B092B4A2740E54C00F5C35F /* UITableViewRegisterable.swift */ = {isa = PBXFileReference; lastKnownFileType = sourcecode.swift; path = UITableViewRegisterable.swift; sourceTree = "<group>"; };
		5B092B512740EE9C00F5C35F /* MyPageVC.swift */ = {isa = PBXFileReference; lastKnownFileType = sourcecode.swift; path = MyPageVC.swift; sourceTree = "<group>"; };
		5B092B532740EF0800F5C35F /* NamjoonMain.storyboard */ = {isa = PBXFileReference; lastKnownFileType = file.storyboard; path = NamjoonMain.storyboard; sourceTree = "<group>"; };
		5B092B552740EF1600F5C35F /* YujinMain.storyboard */ = {isa = PBXFileReference; lastKnownFileType = file.storyboard; path = YujinMain.storyboard; sourceTree = "<group>"; };
		5B092B572740F03F00F5C35F /* Constant.swift */ = {isa = PBXFileReference; lastKnownFileType = sourcecode.swift; path = Constant.swift; sourceTree = "<group>"; };
		5B429A0D2746BF1800D4F65D /* BannerTVC.swift */ = {isa = PBXFileReference; lastKnownFileType = sourcecode.swift; path = BannerTVC.swift; sourceTree = "<group>"; };
		5B429A0F2746C6B300D4F65D /* TopDetailTVC.swift */ = {isa = PBXFileReference; lastKnownFileType = sourcecode.swift; path = TopDetailTVC.swift; sourceTree = "<group>"; };
		5B429A112746CB9800D4F65D /* BottomView.swift */ = {isa = PBXFileReference; lastKnownFileType = sourcecode.swift; path = BottomView.swift; sourceTree = "<group>"; };
		5B429A132746CF9600D4F65D /* YujinModel.swift */ = {isa = PBXFileReference; lastKnownFileType = sourcecode.swift; path = YujinModel.swift; sourceTree = "<group>"; };
		5B429A152746CFA000D4F65D /* YujinComponent.swift */ = {isa = PBXFileReference; lastKnownFileType = sourcecode.swift; path = YujinComponent.swift; sourceTree = "<group>"; };
		5B429A192746CFBC00D4F65D /* NamjoonModel.swift */ = {isa = PBXFileReference; lastKnownFileType = sourcecode.swift; path = NamjoonModel.swift; sourceTree = "<group>"; };
		5B429A1B2746CFC500D4F65D /* NamjoonComponent.swift */ = {isa = PBXFileReference; lastKnownFileType = sourcecode.swift; path = NamjoonComponent.swift; sourceTree = "<group>"; };
		5B429A1D2746CFD100D4F65D /* NamjoonTVC.swift */ = {isa = PBXFileReference; lastKnownFileType = sourcecode.swift; path = NamjoonTVC.swift; sourceTree = "<group>"; };
		5B429A1F2746E8AC00D4F65D /* NotoSansCJKkr-Bold.otf */ = {isa = PBXFileReference; lastKnownFileType = file; path = "NotoSansCJKkr-Bold.otf"; sourceTree = "<group>"; };
		5B429A212747743500D4F65D /* BannerCVC.swift */ = {isa = PBXFileReference; lastKnownFileType = sourcecode.swift; path = BannerCVC.swift; sourceTree = "<group>"; };
		5B429A2327477BBD00D4F65D /* BottomDetailTVC.swift */ = {isa = PBXFileReference; lastKnownFileType = sourcecode.swift; path = BottomDetailTVC.swift; sourceTree = "<group>"; };
		5B429A2527477C7900D4F65D /* SubtitlLabel.swift */ = {isa = PBXFileReference; lastKnownFileType = sourcecode.swift; path = SubtitlLabel.swift; sourceTree = "<group>"; };
		5B72313F273F92B300BB4FDE /* Tabling-iOS.app */ = {isa = PBXFileReference; explicitFileType = wrapper.application; includeInIndex = 0; path = "Tabling-iOS.app"; sourceTree = BUILT_PRODUCTS_DIR; };
		5B723142273F92B300BB4FDE /* AppDelegate.swift */ = {isa = PBXFileReference; lastKnownFileType = sourcecode.swift; path = AppDelegate.swift; sourceTree = "<group>"; };
		5B723144273F92B300BB4FDE /* SceneDelegate.swift */ = {isa = PBXFileReference; lastKnownFileType = sourcecode.swift; path = SceneDelegate.swift; sourceTree = "<group>"; };
		5B723149273F92B300BB4FDE /* Base */ = {isa = PBXFileReference; lastKnownFileType = file.storyboard; name = Base; path = Base.lproj/Main.storyboard; sourceTree = "<group>"; };
		5B72314B273F92B500BB4FDE /* Assets.xcassets */ = {isa = PBXFileReference; lastKnownFileType = folder.assetcatalog; path = Assets.xcassets; sourceTree = "<group>"; };
		5B72314E273F92B500BB4FDE /* Base */ = {isa = PBXFileReference; lastKnownFileType = file.storyboard; name = Base; path = Base.lproj/LaunchScreen.storyboard; sourceTree = "<group>"; };
		5B723150273F92B500BB4FDE /* Info.plist */ = {isa = PBXFileReference; lastKnownFileType = text.plist.xml; path = Info.plist; sourceTree = "<group>"; };
		5B829DF72743B07900766144 /* UIFont+.swift */ = {isa = PBXFileReference; lastKnownFileType = sourcecode.swift; path = "UIFont+.swift"; sourceTree = "<group>"; };
		5B829DF92743C25300766144 /* UILabel+.swift */ = {isa = PBXFileReference; lastKnownFileType = sourcecode.swift; path = "UILabel+.swift"; sourceTree = "<group>"; };
		6AFDB1AC2742F69100FACA2D /* UIColor+.swift */ = {isa = PBXFileReference; lastKnownFileType = sourcecode.swift; path = "UIColor+.swift"; sourceTree = "<group>"; };
		6AFDB1AF2742F98F00FACA2D /* NotoSansCJKkr-Medium.otf */ = {isa = PBXFileReference; lastKnownFileType = file; path = "NotoSansCJKkr-Medium.otf"; sourceTree = "<group>"; };
		6AFDB1B32742F98F00FACA2D /* NotoSansCJKkr-Regular.otf */ = {isa = PBXFileReference; lastKnownFileType = file; path = "NotoSansCJKkr-Regular.otf"; sourceTree = "<group>"; };
		95474FF1D81C46FB6AA23BA4 /* Pods-Tabling-iOS.release.xcconfig */ = {isa = PBXFileReference; includeInIndex = 1; lastKnownFileType = text.xcconfig; name = "Pods-Tabling-iOS.release.xcconfig"; path = "Target Support Files/Pods-Tabling-iOS/Pods-Tabling-iOS.release.xcconfig"; sourceTree = "<group>"; };
		CB9863C199D1711854D7EB38 /* Pods_Tabling_iOS.framework */ = {isa = PBXFileReference; explicitFileType = wrapper.framework; includeInIndex = 0; path = Pods_Tabling_iOS.framework; sourceTree = BUILT_PRODUCTS_DIR; };
/* End PBXFileReference section */

/* Begin PBXFrameworksBuildPhase section */
		5B72313C273F92B300BB4FDE /* Frameworks */ = {
			isa = PBXFrameworksBuildPhase;
			buildActionMask = 2147483647;
			files = (
				DE13750256F6DEED3F067415 /* Pods_Tabling_iOS.framework in Frameworks */,
			);
			runOnlyForDeploymentPostprocessing = 0;
		};
/* End PBXFrameworksBuildPhase section */

/* Begin PBXGroup section */
		5B092B252740D11400F5C35F /* Cell */ = {
			isa = PBXGroup;
			children = (
				5B429A0D2746BF1800D4F65D /* BannerTVC.swift */,
				5B429A212747743500D4F65D /* BannerCVC.swift */,
				5B429A0F2746C6B300D4F65D /* TopDetailTVC.swift */,
				5B429A2327477BBD00D4F65D /* BottomDetailTVC.swift */,
			);
			path = Cell;
			sourceTree = "<group>";
		};
		5B092B262740D11900F5C35F /* Component */ = {
			isa = PBXGroup;
			children = (
				5B429A112746CB9800D4F65D /* BottomView.swift */,
				5B429A2527477C7900D4F65D /* SubtitlLabel.swift */,
			);
			path = Component;
			sourceTree = "<group>";
		};
		5B092B272740D11F00F5C35F /* VC */ = {
			isa = PBXGroup;
			children = (
				5B092B352740D21500F5C35F /* YujinMainVC.swift */,
			);
			path = VC;
			sourceTree = "<group>";
		};
		5B092B282740D12A00F5C35F /* Cell */ = {
			isa = PBXGroup;
			children = (
			);
			path = Cell;
			sourceTree = "<group>";
		};
		5B092B292740D12E00F5C35F /* Component */ = {
			isa = PBXGroup;
			children = (
				5B429A152746CFA000D4F65D /* YujinComponent.swift */,
			);
			path = Component;
			sourceTree = "<group>";
		};
		5B092B2A2740D13500F5C35F /* VC */ = {
			isa = PBXGroup;
			children = (
				5B092B372740D25500F5C35F /* NamjoonMainVC.swift */,
			);
			path = VC;
			sourceTree = "<group>";
		};
		5B092B2B2740D13900F5C35F /* Cell */ = {
			isa = PBXGroup;
			children = (
				5B429A1D2746CFD100D4F65D /* NamjoonTVC.swift */,
			);
			path = Cell;
			sourceTree = "<group>";
		};
		5B092B2C2740D13D00F5C35F /* Component */ = {
			isa = PBXGroup;
			children = (
				5B429A1B2746CFC500D4F65D /* NamjoonComponent.swift */,
			);
			path = Component;
			sourceTree = "<group>";
		};
		5B092B342740D1C800F5C35F /* Protocol */ = {
			isa = PBXGroup;
			children = (
				5B092B482740E53400F5C35F /* UICollectionViewRegisterable.swift */,
				5B092B4A2740E54C00F5C35F /* UITableViewRegisterable.swift */,
			);
			path = Protocol;
			sourceTree = "<group>";
		};
		5B092B3B2740D37800F5C35F /* Base */ = {
			isa = PBXGroup;
			children = (
				5B092B3C2740D38D00F5C35F /* BaseViewController.swift */,
			);
			path = Base;
			sourceTree = "<group>";
		};
		5B092B502740EE7500F5C35F /* MyPage */ = {
			isa = PBXGroup;
			children = (
				5B092B512740EE9C00F5C35F /* MyPageVC.swift */,
			);
			path = MyPage;
			sourceTree = "<group>";
		};
		5B092B5D2740FD5800F5C35F /* Model */ = {
			isa = PBXGroup;
			children = (
				5B429A192746CFBC00D4F65D /* NamjoonModel.swift */,
			);
			path = Model;
			sourceTree = "<group>";
		};
		5B092B5E2740FD5F00F5C35F /* Model */ = {
			isa = PBXGroup;
			children = (
				5B429A132746CF9600D4F65D /* YujinModel.swift */,
			);
			path = Model;
			sourceTree = "<group>";
		};
		5B092B5F2740FD6400F5C35F /* Model */ = {
			isa = PBXGroup;
			children = (
			);
			path = Model;
			sourceTree = "<group>";
		};
		5B723136273F92B300BB4FDE = {
			isa = PBXGroup;
			children = (
				5B723141273F92B300BB4FDE /* Tabling-iOS */,
				5B723140273F92B300BB4FDE /* Products */,
				B2E12182AC34700137B9B116 /* Pods */,
				EF05BB1B34584FB7DFDE9C57 /* Frameworks */,
			);
			sourceTree = "<group>";
		};
		5B723140273F92B300BB4FDE /* Products */ = {
			isa = PBXGroup;
			children = (
				5B72313F273F92B300BB4FDE /* Tabling-iOS.app */,
			);
			name = Products;
			sourceTree = "<group>";
		};
		5B723141273F92B300BB4FDE /* Tabling-iOS */ = {
			isa = PBXGroup;
			children = (
				5B72315A273FA66400BB4FDE /* Global */,
				5B723156273FA63900BB4FDE /* Source */,
				5B72315D273FA68000BB4FDE /* Resource */,
			);
			path = "Tabling-iOS";
			sourceTree = "<group>";
		};
		5B723156273FA63900BB4FDE /* Source */ = {
			isa = PBXGroup;
			children = (
				5B723158273FA65500BB4FDE /* Model */,
				5B723159273FA65B00BB4FDE /* Network */,
				5B723157273FA64A00BB4FDE /* Screen */,
			);
			path = Source;
			sourceTree = "<group>";
		};
		5B723157273FA64A00BB4FDE /* Screen */ = {
			isa = PBXGroup;
			children = (
				5B723162273FA6D900BB4FDE /* Ruhee */,
				5B723160273FA6CE00BB4FDE /* Namjoon */,
				5B723161273FA6D300BB4FDE /* Yujin */,
				5B092B502740EE7500F5C35F /* MyPage */,
			);
			path = Screen;
			sourceTree = "<group>";
		};
		5B723158273FA65500BB4FDE /* Model */ = {
			isa = PBXGroup;
			children = (
				5B092B2E2740D17100F5C35F /* MainModel.swift */,
				5B092B302740D17800F5C35F /* DetailModel.swift */,
			);
			path = Model;
			sourceTree = "<group>";
		};
		5B723159273FA65B00BB4FDE /* Network */ = {
			isa = PBXGroup;
			children = (
				5B092B322740D1C000F5C35F /* GeneralAPI.swift */,
			);
			path = Network;
			sourceTree = "<group>";
		};
		5B72315A273FA66400BB4FDE /* Global */ = {
			isa = PBXGroup;
			children = (
				5B092B3B2740D37800F5C35F /* Base */,
				5B72315C273FA67B00BB4FDE /* Constant */,
				5B72315B273FA67600BB4FDE /* Extension */,
				5B092B342740D1C800F5C35F /* Protocol */,
			);
			path = Global;
			sourceTree = "<group>";
		};
		5B72315B273FA67600BB4FDE /* Extension */ = {
			isa = PBXGroup;
			children = (
				6AFDB1AC2742F69100FACA2D /* UIColor+.swift */,
				5B829DF72743B07900766144 /* UIFont+.swift */,
				5B829DF92743C25300766144 /* UILabel+.swift */,
				5B092B422740E3E900F5C35F /* UIView+.swift */,
				5B092B442740E47800F5C35F /* UIViewController+.swift */,
				5B092B462740E4BC00F5C35F /* UIStackView+.swift */,
			);
			path = Extension;
			sourceTree = "<group>";
		};
		5B72315C273FA67B00BB4FDE /* Constant */ = {
			isa = PBXGroup;
			children = (
				5B092B572740F03F00F5C35F /* Constant.swift */,
			);
			path = Constant;
			sourceTree = "<group>";
		};
		5B72315D273FA68000BB4FDE /* Resource */ = {
			isa = PBXGroup;
			children = (
				5B72314B273F92B500BB4FDE /* Assets.xcassets */,
				6AFDB19B2742C49D00FACA2D /* Font */,
				5B723150273F92B500BB4FDE /* Info.plist */,
				5B72315F273FA6A500BB4FDE /* Storyboard */,
				5B72315E273FA6A000BB4FDE /* Support */,
			);
			path = Resource;
			sourceTree = "<group>";
		};
		5B72315E273FA6A000BB4FDE /* Support */ = {
			isa = PBXGroup;
			children = (
				5B723142273F92B300BB4FDE /* AppDelegate.swift */,
				5B723144273F92B300BB4FDE /* SceneDelegate.swift */,
			);
			path = Support;
			sourceTree = "<group>";
		};
		5B72315F273FA6A500BB4FDE /* Storyboard */ = {
			isa = PBXGroup;
			children = (
				5B72314D273F92B500BB4FDE /* LaunchScreen.storyboard */,
				5B723148273F92B300BB4FDE /* Main.storyboard */,
				5B092B532740EF0800F5C35F /* NamjoonMain.storyboard */,
				5B092B552740EF1600F5C35F /* YujinMain.storyboard */,
			);
			path = Storyboard;
			sourceTree = "<group>";
		};
		5B723160273FA6CE00BB4FDE /* Namjoon */ = {
			isa = PBXGroup;
			children = (
				5B092B5D2740FD5800F5C35F /* Model */,
				5B092B2C2740D13D00F5C35F /* Component */,
				5B092B2B2740D13900F5C35F /* Cell */,
				5B092B2A2740D13500F5C35F /* VC */,
			);
			path = Namjoon;
			sourceTree = "<group>";
		};
		5B723161273FA6D300BB4FDE /* Yujin */ = {
			isa = PBXGroup;
			children = (
				5B092B5E2740FD5F00F5C35F /* Model */,
				5B092B292740D12E00F5C35F /* Component */,
				5B092B282740D12A00F5C35F /* Cell */,
				5B092B272740D11F00F5C35F /* VC */,
			);
			path = Yujin;
			sourceTree = "<group>";
		};
		5B723162273FA6D900BB4FDE /* Ruhee */ = {
			isa = PBXGroup;
			children = (
				5B092B5F2740FD6400F5C35F /* Model */,
				5B092B262740D11900F5C35F /* Component */,
				5B092B252740D11400F5C35F /* Cell */,
				5B723163273FA6DD00BB4FDE /* VC */,
			);
			path = Ruhee;
			sourceTree = "<group>";
		};
		5B723163273FA6DD00BB4FDE /* VC */ = {
			isa = PBXGroup;
			children = (
				5B092B392740D25F00F5C35F /* DetailVC.swift */,
			);
			path = VC;
			sourceTree = "<group>";
		};
		6AFDB19B2742C49D00FACA2D /* Font */ = {
			isa = PBXGroup;
			children = (
				5B429A1F2746E8AC00D4F65D /* NotoSansCJKkr-Bold.otf */,
				6AFDB1AF2742F98F00FACA2D /* NotoSansCJKkr-Medium.otf */,
				6AFDB1B32742F98F00FACA2D /* NotoSansCJKkr-Regular.otf */,
			);
			path = Font;
			sourceTree = "<group>";
		};
		B2E12182AC34700137B9B116 /* Pods */ = {
			isa = PBXGroup;
			children = (
				2B4ED41B5870CF2F11E0FC61 /* Pods-Tabling-iOS.debug.xcconfig */,
				95474FF1D81C46FB6AA23BA4 /* Pods-Tabling-iOS.release.xcconfig */,
			);
			path = Pods;
			sourceTree = "<group>";
		};
		EF05BB1B34584FB7DFDE9C57 /* Frameworks */ = {
			isa = PBXGroup;
			children = (
				CB9863C199D1711854D7EB38 /* Pods_Tabling_iOS.framework */,
			);
			name = Frameworks;
			sourceTree = "<group>";
		};
/* End PBXGroup section */

/* Begin PBXNativeTarget section */
		5B72313E273F92B300BB4FDE /* Tabling-iOS */ = {
			isa = PBXNativeTarget;
			buildConfigurationList = 5B723153273F92B500BB4FDE /* Build configuration list for PBXNativeTarget "Tabling-iOS" */;
			buildPhases = (
				E522A8C56F21B97548E84730 /* [CP] Check Pods Manifest.lock */,
				5B72313B273F92B300BB4FDE /* Sources */,
				5B72313C273F92B300BB4FDE /* Frameworks */,
				5B72313D273F92B300BB4FDE /* Resources */,
				E8E04F9AFC400FD1016376BB /* [CP] Embed Pods Frameworks */,
			);
			buildRules = (
			);
			dependencies = (
			);
			name = "Tabling-iOS";
			productName = "Tabling-iOS";
			productReference = 5B72313F273F92B300BB4FDE /* Tabling-iOS.app */;
			productType = "com.apple.product-type.application";
		};
/* End PBXNativeTarget section */

/* Begin PBXProject section */
		5B723137273F92B300BB4FDE /* Project object */ = {
			isa = PBXProject;
			attributes = {
				BuildIndependentTargetsInParallel = 1;
				LastSwiftUpdateCheck = 1300;
				LastUpgradeCheck = 1300;
				TargetAttributes = {
					5B72313E273F92B300BB4FDE = {
						CreatedOnToolsVersion = 13.0;
					};
				};
			};
			buildConfigurationList = 5B72313A273F92B300BB4FDE /* Build configuration list for PBXProject "Tabling-iOS" */;
			compatibilityVersion = "Xcode 13.0";
			developmentRegion = en;
			hasScannedForEncodings = 0;
			knownRegions = (
				en,
				Base,
			);
			mainGroup = 5B723136273F92B300BB4FDE;
			productRefGroup = 5B723140273F92B300BB4FDE /* Products */;
			projectDirPath = "";
			projectRoot = "";
			targets = (
				5B72313E273F92B300BB4FDE /* Tabling-iOS */,
			);
		};
/* End PBXProject section */

/* Begin PBXResourcesBuildPhase section */
		5B72313D273F92B300BB4FDE /* Resources */ = {
			isa = PBXResourcesBuildPhase;
			buildActionMask = 2147483647;
			files = (
				5B092B542740EF0800F5C35F /* NamjoonMain.storyboard in Resources */,
				6AFDB1B62742F98F00FACA2D /* NotoSansCJKkr-Medium.otf in Resources */,
				5B72314F273F92B500BB4FDE /* LaunchScreen.storyboard in Resources */,
				5B72314C273F92B500BB4FDE /* Assets.xcassets in Resources */,
				5B72314A273F92B300BB4FDE /* Main.storyboard in Resources */,
				5B092B562740EF1600F5C35F /* YujinMain.storyboard in Resources */,
				6AFDB1BA2742F98F00FACA2D /* NotoSansCJKkr-Regular.otf in Resources */,
				5B429A202746E8AC00D4F65D /* NotoSansCJKkr-Bold.otf in Resources */,
			);
			runOnlyForDeploymentPostprocessing = 0;
		};
/* End PBXResourcesBuildPhase section */

/* Begin PBXShellScriptBuildPhase section */
		E522A8C56F21B97548E84730 /* [CP] Check Pods Manifest.lock */ = {
			isa = PBXShellScriptBuildPhase;
			buildActionMask = 2147483647;
			files = (
			);
			inputFileListPaths = (
			);
			inputPaths = (
				"${PODS_PODFILE_DIR_PATH}/Podfile.lock",
				"${PODS_ROOT}/Manifest.lock",
			);
			name = "[CP] Check Pods Manifest.lock";
			outputFileListPaths = (
			);
			outputPaths = (
				"$(DERIVED_FILE_DIR)/Pods-Tabling-iOS-checkManifestLockResult.txt",
			);
			runOnlyForDeploymentPostprocessing = 0;
			shellPath = /bin/sh;
			shellScript = "diff \"${PODS_PODFILE_DIR_PATH}/Podfile.lock\" \"${PODS_ROOT}/Manifest.lock\" > /dev/null\nif [ $? != 0 ] ; then\n    # print error to STDERR\n    echo \"error: The sandbox is not in sync with the Podfile.lock. Run 'pod install' or update your CocoaPods installation.\" >&2\n    exit 1\nfi\n# This output is used by Xcode 'outputs' to avoid re-running this script phase.\necho \"SUCCESS\" > \"${SCRIPT_OUTPUT_FILE_0}\"\n";
			showEnvVarsInLog = 0;
		};
		E8E04F9AFC400FD1016376BB /* [CP] Embed Pods Frameworks */ = {
			isa = PBXShellScriptBuildPhase;
			buildActionMask = 2147483647;
			files = (
			);
			inputFileListPaths = (
				"${PODS_ROOT}/Target Support Files/Pods-Tabling-iOS/Pods-Tabling-iOS-frameworks-${CONFIGURATION}-input-files.xcfilelist",
			);
			name = "[CP] Embed Pods Frameworks";
			outputFileListPaths = (
				"${PODS_ROOT}/Target Support Files/Pods-Tabling-iOS/Pods-Tabling-iOS-frameworks-${CONFIGURATION}-output-files.xcfilelist",
			);
			runOnlyForDeploymentPostprocessing = 0;
			shellPath = /bin/sh;
			shellScript = "\"${PODS_ROOT}/Target Support Files/Pods-Tabling-iOS/Pods-Tabling-iOS-frameworks.sh\"\n";
			showEnvVarsInLog = 0;
		};
/* End PBXShellScriptBuildPhase section */

/* Begin PBXSourcesBuildPhase section */
		5B72313B273F92B300BB4FDE /* Sources */ = {
			isa = PBXSourcesBuildPhase;
			buildActionMask = 2147483647;
			files = (
				5B092B432740E3E900F5C35F /* UIView+.swift in Sources */,
				5B092B2F2740D17100F5C35F /* MainModel.swift in Sources */,
				5B092B4B2740E54C00F5C35F /* UITableViewRegisterable.swift in Sources */,
				5B429A122746CB9800D4F65D /* BottomView.swift in Sources */,
				5B429A222747743500D4F65D /* BannerCVC.swift in Sources */,
				5B092B312740D17800F5C35F /* DetailModel.swift in Sources */,
				5B092B382740D25500F5C35F /* NamjoonMainVC.swift in Sources */,
				5B092B362740D21500F5C35F /* YujinMainVC.swift in Sources */,
				5B092B332740D1C000F5C35F /* GeneralAPI.swift in Sources */,
				5B092B582740F03F00F5C35F /* Constant.swift in Sources */,
				5B092B472740E4BC00F5C35F /* UIStackView+.swift in Sources */,
				5B429A1E2746CFD100D4F65D /* NamjoonTVC.swift in Sources */,
				5B429A2427477BBD00D4F65D /* BottomDetailTVC.swift in Sources */,
				5B092B3D2740D38D00F5C35F /* BaseViewController.swift in Sources */,
				5B092B3A2740D25F00F5C35F /* DetailVC.swift in Sources */,
				5B429A162746CFA000D4F65D /* YujinComponent.swift in Sources */,
				5B429A2627477C7900D4F65D /* SubtitlLabel.swift in Sources */,
				5B829DF82743B07900766144 /* UIFont+.swift in Sources */,
				5B092B452740E47800F5C35F /* UIViewController+.swift in Sources */,
				5B429A0E2746BF1800D4F65D /* BannerTVC.swift in Sources */,
				5B723143273F92B300BB4FDE /* AppDelegate.swift in Sources */,
				5B429A1A2746CFBC00D4F65D /* NamjoonModel.swift in Sources */,
				5B092B522740EE9C00F5C35F /* MyPageVC.swift in Sources */,
				5B429A1C2746CFC500D4F65D /* NamjoonComponent.swift in Sources */,
				5B092B492740E53400F5C35F /* UICollectionViewRegisterable.swift in Sources */,
				5B429A142746CF9600D4F65D /* YujinModel.swift in Sources */,
				5B829DFA2743C25300766144 /* UILabel+.swift in Sources */,
				5B723145273F92B300BB4FDE /* SceneDelegate.swift in Sources */,
				6AFDB1AD2742F69100FACA2D /* UIColor+.swift in Sources */,
				5B429A102746C6B300D4F65D /* TopDetailTVC.swift in Sources */,
			);
			runOnlyForDeploymentPostprocessing = 0;
		};
/* End PBXSourcesBuildPhase section */

/* Begin PBXVariantGroup section */
		5B723148273F92B300BB4FDE /* Main.storyboard */ = {
			isa = PBXVariantGroup;
			children = (
				5B723149273F92B300BB4FDE /* Base */,
			);
			name = Main.storyboard;
			sourceTree = "<group>";
		};
		5B72314D273F92B500BB4FDE /* LaunchScreen.storyboard */ = {
			isa = PBXVariantGroup;
			children = (
				5B72314E273F92B500BB4FDE /* Base */,
			);
			name = LaunchScreen.storyboard;
			sourceTree = "<group>";
		};
/* End PBXVariantGroup section */

/* Begin XCBuildConfiguration section */
		5B723151273F92B500BB4FDE /* Debug */ = {
			isa = XCBuildConfiguration;
			buildSettings = {
				ALWAYS_SEARCH_USER_PATHS = NO;
				CLANG_ANALYZER_NONNULL = YES;
				CLANG_ANALYZER_NUMBER_OBJECT_CONVERSION = YES_AGGRESSIVE;
				CLANG_CXX_LANGUAGE_STANDARD = "gnu++17";
				CLANG_CXX_LIBRARY = "libc++";
				CLANG_ENABLE_MODULES = YES;
				CLANG_ENABLE_OBJC_ARC = YES;
				CLANG_ENABLE_OBJC_WEAK = YES;
				CLANG_WARN_BLOCK_CAPTURE_AUTORELEASING = YES;
				CLANG_WARN_BOOL_CONVERSION = YES;
				CLANG_WARN_COMMA = YES;
				CLANG_WARN_CONSTANT_CONVERSION = YES;
				CLANG_WARN_DEPRECATED_OBJC_IMPLEMENTATIONS = YES;
				CLANG_WARN_DIRECT_OBJC_ISA_USAGE = YES_ERROR;
				CLANG_WARN_DOCUMENTATION_COMMENTS = YES;
				CLANG_WARN_EMPTY_BODY = YES;
				CLANG_WARN_ENUM_CONVERSION = YES;
				CLANG_WARN_INFINITE_RECURSION = YES;
				CLANG_WARN_INT_CONVERSION = YES;
				CLANG_WARN_NON_LITERAL_NULL_CONVERSION = YES;
				CLANG_WARN_OBJC_IMPLICIT_RETAIN_SELF = YES;
				CLANG_WARN_OBJC_LITERAL_CONVERSION = YES;
				CLANG_WARN_OBJC_ROOT_CLASS = YES_ERROR;
				CLANG_WARN_QUOTED_INCLUDE_IN_FRAMEWORK_HEADER = YES;
				CLANG_WARN_RANGE_LOOP_ANALYSIS = YES;
				CLANG_WARN_STRICT_PROTOTYPES = YES;
				CLANG_WARN_SUSPICIOUS_MOVE = YES;
				CLANG_WARN_UNGUARDED_AVAILABILITY = YES_AGGRESSIVE;
				CLANG_WARN_UNREACHABLE_CODE = YES;
				CLANG_WARN__DUPLICATE_METHOD_MATCH = YES;
				COPY_PHASE_STRIP = NO;
				DEBUG_INFORMATION_FORMAT = dwarf;
				ENABLE_STRICT_OBJC_MSGSEND = YES;
				ENABLE_TESTABILITY = YES;
				GCC_C_LANGUAGE_STANDARD = gnu11;
				GCC_DYNAMIC_NO_PIC = NO;
				GCC_NO_COMMON_BLOCKS = YES;
				GCC_OPTIMIZATION_LEVEL = 0;
				GCC_PREPROCESSOR_DEFINITIONS = (
					"DEBUG=1",
					"$(inherited)",
				);
				GCC_WARN_64_TO_32_BIT_CONVERSION = YES;
				GCC_WARN_ABOUT_RETURN_TYPE = YES_ERROR;
				GCC_WARN_UNDECLARED_SELECTOR = YES;
				GCC_WARN_UNINITIALIZED_AUTOS = YES_AGGRESSIVE;
				GCC_WARN_UNUSED_FUNCTION = YES;
				GCC_WARN_UNUSED_VARIABLE = YES;
				IPHONEOS_DEPLOYMENT_TARGET = 15.0;
				MTL_ENABLE_DEBUG_INFO = INCLUDE_SOURCE;
				MTL_FAST_MATH = YES;
				ONLY_ACTIVE_ARCH = YES;
				SDKROOT = iphoneos;
				SWIFT_ACTIVE_COMPILATION_CONDITIONS = DEBUG;
				SWIFT_OPTIMIZATION_LEVEL = "-Onone";
			};
			name = Debug;
		};
		5B723152273F92B500BB4FDE /* Release */ = {
			isa = XCBuildConfiguration;
			buildSettings = {
				ALWAYS_SEARCH_USER_PATHS = NO;
				CLANG_ANALYZER_NONNULL = YES;
				CLANG_ANALYZER_NUMBER_OBJECT_CONVERSION = YES_AGGRESSIVE;
				CLANG_CXX_LANGUAGE_STANDARD = "gnu++17";
				CLANG_CXX_LIBRARY = "libc++";
				CLANG_ENABLE_MODULES = YES;
				CLANG_ENABLE_OBJC_ARC = YES;
				CLANG_ENABLE_OBJC_WEAK = YES;
				CLANG_WARN_BLOCK_CAPTURE_AUTORELEASING = YES;
				CLANG_WARN_BOOL_CONVERSION = YES;
				CLANG_WARN_COMMA = YES;
				CLANG_WARN_CONSTANT_CONVERSION = YES;
				CLANG_WARN_DEPRECATED_OBJC_IMPLEMENTATIONS = YES;
				CLANG_WARN_DIRECT_OBJC_ISA_USAGE = YES_ERROR;
				CLANG_WARN_DOCUMENTATION_COMMENTS = YES;
				CLANG_WARN_EMPTY_BODY = YES;
				CLANG_WARN_ENUM_CONVERSION = YES;
				CLANG_WARN_INFINITE_RECURSION = YES;
				CLANG_WARN_INT_CONVERSION = YES;
				CLANG_WARN_NON_LITERAL_NULL_CONVERSION = YES;
				CLANG_WARN_OBJC_IMPLICIT_RETAIN_SELF = YES;
				CLANG_WARN_OBJC_LITERAL_CONVERSION = YES;
				CLANG_WARN_OBJC_ROOT_CLASS = YES_ERROR;
				CLANG_WARN_QUOTED_INCLUDE_IN_FRAMEWORK_HEADER = YES;
				CLANG_WARN_RANGE_LOOP_ANALYSIS = YES;
				CLANG_WARN_STRICT_PROTOTYPES = YES;
				CLANG_WARN_SUSPICIOUS_MOVE = YES;
				CLANG_WARN_UNGUARDED_AVAILABILITY = YES_AGGRESSIVE;
				CLANG_WARN_UNREACHABLE_CODE = YES;
				CLANG_WARN__DUPLICATE_METHOD_MATCH = YES;
				COPY_PHASE_STRIP = NO;
				DEBUG_INFORMATION_FORMAT = "dwarf-with-dsym";
				ENABLE_NS_ASSERTIONS = NO;
				ENABLE_STRICT_OBJC_MSGSEND = YES;
				GCC_C_LANGUAGE_STANDARD = gnu11;
				GCC_NO_COMMON_BLOCKS = YES;
				GCC_WARN_64_TO_32_BIT_CONVERSION = YES;
				GCC_WARN_ABOUT_RETURN_TYPE = YES_ERROR;
				GCC_WARN_UNDECLARED_SELECTOR = YES;
				GCC_WARN_UNINITIALIZED_AUTOS = YES_AGGRESSIVE;
				GCC_WARN_UNUSED_FUNCTION = YES;
				GCC_WARN_UNUSED_VARIABLE = YES;
				IPHONEOS_DEPLOYMENT_TARGET = 15.0;
				MTL_ENABLE_DEBUG_INFO = NO;
				MTL_FAST_MATH = YES;
				SDKROOT = iphoneos;
				SWIFT_COMPILATION_MODE = wholemodule;
				SWIFT_OPTIMIZATION_LEVEL = "-O";
				VALIDATE_PRODUCT = YES;
			};
			name = Release;
		};
		5B723154273F92B500BB4FDE /* Debug */ = {
			isa = XCBuildConfiguration;
			baseConfigurationReference = 2B4ED41B5870CF2F11E0FC61 /* Pods-Tabling-iOS.debug.xcconfig */;
			buildSettings = {
				ASSETCATALOG_COMPILER_APPICON_NAME = AppIcon;
				ASSETCATALOG_COMPILER_GLOBAL_ACCENT_COLOR_NAME = AccentColor;
				CODE_SIGN_STYLE = Automatic;
				CURRENT_PROJECT_VERSION = 1;
				DEVELOPMENT_TEAM = 5GQ6QL9S3X;
				GENERATE_INFOPLIST_FILE = YES;
				INFOPLIST_FILE = "Tabling-iOS/Resource/Info.plist";
				INFOPLIST_KEY_UIApplicationSupportsIndirectInputEvents = YES;
				INFOPLIST_KEY_UILaunchStoryboardName = LaunchScreen;
				INFOPLIST_KEY_UIMainStoryboardFile = Main;
				INFOPLIST_KEY_UISupportedInterfaceOrientations_iPad = "UIInterfaceOrientationPortrait UIInterfaceOrientationPortraitUpsideDown UIInterfaceOrientationLandscapeLeft UIInterfaceOrientationLandscapeRight";
				INFOPLIST_KEY_UISupportedInterfaceOrientations_iPhone = "UIInterfaceOrientationPortrait UIInterfaceOrientationLandscapeLeft UIInterfaceOrientationLandscapeRight";
				LD_RUNPATH_SEARCH_PATHS = (
					"$(inherited)",
					"@executable_path/Frameworks",
				);
				MARKETING_VERSION = 1.0;
				PRODUCT_BUNDLE_IDENTIFIER = "com.ruheekim.Tabling-iOS";
				PRODUCT_NAME = "$(TARGET_NAME)";
				SWIFT_EMIT_LOC_STRINGS = YES;
				SWIFT_VERSION = 5.0;
				TARGETED_DEVICE_FAMILY = "1,2";
			};
			name = Debug;
		};
		5B723155273F92B500BB4FDE /* Release */ = {
			isa = XCBuildConfiguration;
			baseConfigurationReference = 95474FF1D81C46FB6AA23BA4 /* Pods-Tabling-iOS.release.xcconfig */;
			buildSettings = {
				ASSETCATALOG_COMPILER_APPICON_NAME = AppIcon;
				ASSETCATALOG_COMPILER_GLOBAL_ACCENT_COLOR_NAME = AccentColor;
				CODE_SIGN_STYLE = Automatic;
				CURRENT_PROJECT_VERSION = 1;
				DEVELOPMENT_TEAM = 5GQ6QL9S3X;
				GENERATE_INFOPLIST_FILE = YES;
				INFOPLIST_FILE = "Tabling-iOS/Resource/Info.plist";
				INFOPLIST_KEY_UIApplicationSupportsIndirectInputEvents = YES;
				INFOPLIST_KEY_UILaunchStoryboardName = LaunchScreen;
				INFOPLIST_KEY_UIMainStoryboardFile = Main;
				INFOPLIST_KEY_UISupportedInterfaceOrientations_iPad = "UIInterfaceOrientationPortrait UIInterfaceOrientationPortraitUpsideDown UIInterfaceOrientationLandscapeLeft UIInterfaceOrientationLandscapeRight";
				INFOPLIST_KEY_UISupportedInterfaceOrientations_iPhone = "UIInterfaceOrientationPortrait UIInterfaceOrientationLandscapeLeft UIInterfaceOrientationLandscapeRight";
				LD_RUNPATH_SEARCH_PATHS = (
					"$(inherited)",
					"@executable_path/Frameworks",
				);
				MARKETING_VERSION = 1.0;
				PRODUCT_BUNDLE_IDENTIFIER = "com.ruheekim.Tabling-iOS";
				PRODUCT_NAME = "$(TARGET_NAME)";
				SWIFT_EMIT_LOC_STRINGS = YES;
				SWIFT_VERSION = 5.0;
				TARGETED_DEVICE_FAMILY = "1,2";
			};
			name = Release;
		};
/* End XCBuildConfiguration section */

/* Begin XCConfigurationList section */
		5B72313A273F92B300BB4FDE /* Build configuration list for PBXProject "Tabling-iOS" */ = {
			isa = XCConfigurationList;
			buildConfigurations = (
				5B723151273F92B500BB4FDE /* Debug */,
				5B723152273F92B500BB4FDE /* Release */,
			);
			defaultConfigurationIsVisible = 0;
			defaultConfigurationName = Release;
		};
		5B723153273F92B500BB4FDE /* Build configuration list for PBXNativeTarget "Tabling-iOS" */ = {
			isa = XCConfigurationList;
			buildConfigurations = (
				5B723154273F92B500BB4FDE /* Debug */,
				5B723155273F92B500BB4FDE /* Release */,
			);
			defaultConfigurationIsVisible = 0;
			defaultConfigurationName = Release;
		};
/* End XCConfigurationList section */
	};
	rootObject = 5B723137273F92B300BB4FDE /* Project object */;
}
